
Microsoft Visual Studio Solution File, Format Version 12.00
# Visual Studio 14
VisualStudioVersion = 14.0.24720.0
MinimumVisualStudioVersion = 10.0.40219.1
Project("{FAE04EC0-301F-11D3-BF4B-00C04F79EFBC}") = "export ppt to txt", "export ppt to txt\export ppt to txt.csproj", "{FF6D6B47-FE93-4ECD-B6BD-53FA6BB2026E}"
EndProject
Global
	GlobalSection(SolutionConfigurationPlatforms) = preSolution
		Debug|Any CPU = Debug|Any CPU
		Release|Any CPU = Release|Any CPU
	EndGlobalSection
	GlobalSection(ProjectConfigurationPlatforms) = postSolution
		{FF6D6B47-FE93-4ECD-B6BD-53FA6BB2026E}.Debug|Any CPU.ActiveCfg = Debug|Any CPU
		{FF6D6B47-FE93-4ECD-B6BD-53FA6BB2026E}.Debug|Any CPU.Build.0 = Debug|Any CPU
		{FF6D6B47-FE93-4ECD-B6BD-53FA6BB2026E}.Release|Any CPU.ActiveCfg = Release|Any CPU
		{FF6D6B47-FE93-4ECD-B6BD-53FA6BB2026E}.Release|Any CPU.Build.0 = Release|Any CPU
	EndGlobalSection
	GlobalSection(SolutionProperties) = preSolution
		HideSolutionNode = FALSE
	EndGlobalSection
EndGlobal
